
Microsoft Visual Studio Solution File, Format Version 12.00
# Visual Studio Version 16
VisualStudioVersion = 16.0.29418.71
MinimumVisualStudioVersion = 10.0.40219.1
Project("{FAE04EC0-301F-11D3-BF4B-00C04F79EFBC}") = "Training Diary", "Training Diary\Training Diary.csproj", "{81C1C6A6-1518-4A83-A31D-C09FE8A77FD5}"
EndProject
Global
	GlobalSection(SolutionConfigurationPlatforms) = preSolution
		Debug|Any CPU = Debug|Any CPU
		Release|Any CPU = Release|Any CPU
	EndGlobalSection
	GlobalSection(ProjectConfigurationPlatforms) = postSolution
		{81C1C6A6-1518-4A83-A31D-C09FE8A77FD5}.Debug|Any CPU.ActiveCfg = Debug|Any CPU
		{81C1C6A6-1518-4A83-A31D-C09FE8A77FD5}.Debug|Any CPU.Build.0 = Debug|Any CPU
		{81C1C6A6-1518-4A83-A31D-C09FE8A77FD5}.Release|Any CPU.ActiveCfg = Release|Any CPU
		{81C1C6A6-1518-4A83-A31D-C09FE8A77FD5}.Release|Any CPU.Build.0 = Release|Any CPU
	EndGlobalSection
	GlobalSection(SolutionProperties) = preSolution
		HideSolutionNode = FALSE
	EndGlobalSection
	GlobalSection(ExtensibilityGlobals) = postSolution
		SolutionGuid = {21D31929-54FF-4938-AB37-5FCD930BF4EA}
	EndGlobalSection
EndGlobal
